
Microsoft Visual Studio Solution File, Format Version 12.00
# Visual Studio Version 17
VisualStudioVersion = 17.8.34330.188
MinimumVisualStudioVersion = 10.0.40219.1
Project("{9A19103F-16F7-4668-BE54-9A1E7A4F7556}") = "NewsApp.PresentationLayer", "NewsApp.PresentationLayer\NewsApp.PresentationLayer.csproj", "{4270F526-A518-42BB-B97D-86648A473202}"
EndProject
Project("{9A19103F-16F7-4668-BE54-9A1E7A4F7556}") = "NewsApp.Core", "NewsApp.Core\NewsApp.Core.csproj", "{921E7214-AD29-4669-B189-A64CECCC0D19}"
EndProject
Global
	GlobalSection(SolutionConfigurationPlatforms) = preSolution
		Debug|Any CPU = Debug|Any CPU
		Release|Any CPU = Release|Any CPU
	EndGlobalSection
	GlobalSection(ProjectConfigurationPlatforms) = postSolution
		{4270F526-A518-42BB-B97D-86648A473202}.Debug|Any CPU.ActiveCfg = Debug|Any CPU
		{4270F526-A518-42BB-B97D-86648A473202}.Debug|Any CPU.Build.0 = Debug|Any CPU
		{4270F526-A518-42BB-B97D-86648A473202}.Release|Any CPU.ActiveCfg = Release|Any CPU
		{4270F526-A518-42BB-B97D-86648A473202}.Release|Any CPU.Build.0 = Release|Any CPU
		{921E7214-AD29-4669-B189-A64CECCC0D19}.Debug|Any CPU.ActiveCfg = Debug|Any CPU
		{921E7214-AD29-4669-B189-A64CECCC0D19}.Debug|Any CPU.Build.0 = Debug|Any CPU
		{921E7214-AD29-4669-B189-A64CECCC0D19}.Release|Any CPU.ActiveCfg = Release|Any CPU
		{921E7214-AD29-4669-B189-A64CECCC0D19}.Release|Any CPU.Build.0 = Release|Any CPU
	EndGlobalSection
	GlobalSection(SolutionProperties) = preSolution
		HideSolutionNode = FALSE
	EndGlobalSection
	GlobalSection(ExtensibilityGlobals) = postSolution
		SolutionGuid = {885758BC-F448-4D8F-B90B-6FEE26A5AFA2}
	EndGlobalSection
EndGlobal
